// !$*UTF8*$!
{
	archiveVersion = 1;
	classes = {
	};
	objectVersion = 77;
	objects = {

/* Begin PBXContainerItemProxy section */
		2FE968A12DCF27E700502877 /* PBXContainerItemProxy */ = {
			isa = PBXContainerItemProxy;
			containerPortal = 2FE968882DCF27E500502877 /* Project object */;
			proxyType = 1;
			remoteGlobalIDString = 2FE9688F2DCF27E500502877;
			remoteInfo = IOSEnglishLearning;
		};
		2FE968AB2DCF27E700502877 /* PBXContainerItemProxy */ = {
			isa = PBXContainerItemProxy;
			containerPortal = 2FE968882DCF27E500502877 /* Project object */;
			proxyType = 1;
			remoteGlobalIDString = 2FE9688F2DCF27E500502877;
			remoteInfo = IOSEnglishLearning;
		};
/* End PBXContainerItemProxy section */

/* Begin PBXFileReference section */
		2FE968902DCF27E500502877 /* IOSEnglishLearning.app */ = {isa = PBXFileReference; explicitFileType = wrapper.application; includeInIndex = 0; path = IOSEnglishLearning.app; sourceTree = BUILT_PRODUCTS_DIR; };
		2FE968A02DCF27E700502877 /* IOSEnglishLearningTests.xctest */ = {isa = PBXFileReference; explicitFileType = wrapper.cfbundle; includeInIndex = 0; path = IOSEnglishLearningTests.xctest; sourceTree = BUILT_PRODUCTS_DIR; };
		2FE968AA2DCF27E700502877 /* IOSEnglishLearningUITests.xctest */ = {isa = PBXFileReference; explicitFileType = wrapper.cfbundle; includeInIndex = 0; path = IOSEnglishLearningUITests.xctest; sourceTree = BUILT_PRODUCTS_DIR; };
/* End PBXFileReference section */

/* Begin PBXFileSystemSynchronizedRootGroup section */
		2FE968922DCF27E500502877 /* IOSEnglishLearning */ = {
			isa = PBXFileSystemSynchronizedRootGroup;
			path = IOSEnglishLearning;
			sourceTree = "<group>";
		};
		2FE968A32DCF27E700502877 /* IOSEnglishLearningTests */ = {
			isa = PBXFileSystemSynchronizedRootGroup;
			path = IOSEnglishLearningTests;
			sourceTree = "<group>";
		};
		2FE968AD2DCF27E700502877 /* IOSEnglishLearningUITests */ = {
			isa = PBXFileSystemSynchronizedRootGroup;
			path = IOSEnglishLearningUITests;
			sourceTree = "<group>";
		};
/* End PBXFileSystemSynchronizedRootGroup section */

/* Begin PBXFrameworksBuildPhase section */
		2FE9688D2DCF27E500502877 /* Frameworks */ = {
			isa = PBXFrameworksBuildPhase;
			buildActionMask = 2147483647;
			files = (
			);
			runOnlyForDeploymentPostprocessing = 0;
		};
		2FE9689D2DCF27E700502877 /* Frameworks */ = {
			isa = PBXFrameworksBuildPhase;
			buildActionMask = 2147483647;
			files = (
			);
			runOnlyForDeploymentPostprocessing = 0;
		};
		2FE968A72DCF27E700502877 /* Frameworks */ = {
			isa = PBXFrameworksBuildPhase;
			buildActionMask = 2147483647;
			files = (
			);
			runOnlyForDeploymentPostprocessing = 0;
		};
/* End PBXFrameworksBuildPhase section */

/* Begin PBXGroup section */
		2FE968872DCF27E500502877 = {
			isa = PBXGroup;
			children = (
				2FE968922DCF27E500502877 /* IOSEnglishLearning */,
				2FE968A32DCF27E700502877 /* IOSEnglishLearningTests */,
				2FE968AD2DCF27E700502877 /* IOSEnglishLearningUITests */,
				2FE968912DCF27E500502877 /* Products */,
			);
			sourceTree = "<group>";
		};
		2FE968912DCF27E500502877 /* Products */ = {
			isa = PBXGroup;
			children = (
				2FE968902DCF27E500502877 /* IOSEnglishLearning.app */,
				2FE968A02DCF27E700502877 /* IOSEnglishLearningTests.xctest */,
				2FE968AA2DCF27E700502877 /* IOSEnglishLearningUITests.xctest */,
			);
			name = Products;
			sourceTree = "<group>";
		};
/* End PBXGroup section */

/* Begin PBXNativeTarget section */
		2FE9688F2DCF27E500502877 /* IOSEnglishLearning */ = {
			isa = PBXNativeTarget;
			buildConfigurationList = 2FE968B42DCF27E700502877 /* Build configuration list for PBXNativeTarget "IOSEnglishLearning" */;
			buildPhases = (
				2FE9688C2DCF27E500502877 /* Sources */,
				2FE9688D2DCF27E500502877 /* Frameworks */,
				2FE9688E2DCF27E500502877 /* Resources */,
			);
			buildRules = (
			);
			dependencies = (
			);
			fileSystemSynchronizedGroups = (
				2FE968922DCF27E500502877 /* IOSEnglishLearning */,
			);
			name = IOSEnglishLearning;
			packageProductDependencies = (
			);
			productName = IOSEnglishLearning;
			productReference = 2FE968902DCF27E500502877 /* IOSEnglishLearning.app */;
			productType = "com.apple.product-type.application";
		};
		2FE9689F2DCF27E700502877 /* IOSEnglishLearningTests */ = {
			isa = PBXNativeTarget;
			buildConfigurationList = 2FE968B72DCF27E700502877 /* Build configuration list for PBXNativeTarget "IOSEnglishLearningTests" */;
			buildPhases = (
				2FE9689C2DCF27E700502877 /* Sources */,
				2FE9689D2DCF27E700502877 /* Frameworks */,
				2FE9689E2DCF27E700502877 /* Resources */,
			);
			buildRules = (
			);
			dependencies = (
				2FE968A22DCF27E700502877 /* PBXTargetDependency */,
			);
			fileSystemSynchronizedGroups = (
				2FE968A32DCF27E700502877 /* IOSEnglishLearningTests */,
			);
			name = IOSEnglishLearningTests;
			packageProductDependencies = (
			);
			productName = IOSEnglishLearningTests;
			productReference = 2FE968A02DCF27E700502877 /* IOSEnglishLearningTests.xctest */;
			productType = "com.apple.product-type.bundle.unit-test";
		};
		2FE968A92DCF27E700502877 /* IOSEnglishLearningUITests */ = {
			isa = PBXNativeTarget;
			buildConfigurationList = 2FE968BA2DCF27E700502877 /* Build configuration list for PBXNativeTarget "IOSEnglishLearningUITests" */;
			buildPhases = (
				2FE968A62DCF27E700502877 /* Sources */,
				2FE968A72DCF27E700502877 /* Frameworks */,
				2FE968A82DCF27E700502877 /* Resources */,
			);
			buildRules = (
			);
			dependencies = (
				2FE968AC2DCF27E700502877 /* PBXTargetDependency */,
			);
			fileSystemSynchronizedGroups = (
				2FE968AD2DCF27E700502877 /* IOSEnglishLearningUITests */,
			);
			name = IOSEnglishLearningUITests;
			packageProductDependencies = (
			);
			productName = IOSEnglishLearningUITests;
			productReference = 2FE968AA2DCF27E700502877 /* IOSEnglishLearningUITests.xctest */;
			productType = "com.apple.product-type.bundle.ui-testing";
		};
/* End PBXNativeTarget section */

/* Begin PBXProject section */
		2FE968882DCF27E500502877 /* Project object */ = {
			isa = PBXProject;
			attributes = {
				BuildIndependentTargetsInParallel = 1;
				LastSwiftUpdateCheck = 1610;
				LastUpgradeCheck = 1610;
				TargetAttributes = {
					2FE9688F2DCF27E500502877 = {
						CreatedOnToolsVersion = 16.1;
					};
					2FE9689F2DCF27E700502877 = {
						CreatedOnToolsVersion = 16.1;
						TestTargetID = 2FE9688F2DCF27E500502877;
					};
					2FE968A92DCF27E700502877 = {
						CreatedOnToolsVersion = 16.1;
						TestTargetID = 2FE9688F2DCF27E500502877;
					};
				};
			};
			buildConfigurationList = 2FE9688B2DCF27E500502877 /* Build configuration list for PBXProject "IOSEnglishLearning" */;
			developmentRegion = en;
			hasScannedForEncodings = 0;
			knownRegions = (
				en,
				Base,
			);
			mainGroup = 2FE968872DCF27E500502877;
			minimizedProjectReferenceProxies = 1;
			preferredProjectObjectVersion = 77;
			productRefGroup = 2FE968912DCF27E500502877 /* Products */;
			projectDirPath = "";
			projectRoot = "";
			targets = (
				2FE9688F2DCF27E500502877 /* IOSEnglishLearning */,
				2FE9689F2DCF27E700502877 /* IOSEnglishLearningTests */,
				2FE968A92DCF27E700502877 /* IOSEnglishLearningUITests */,
			);
		};
/* End PBXProject section */

/* Begin PBXResourcesBuildPhase section */
		2FE9688E2DCF27E500502877 /* Resources */ = {
			isa = PBXResourcesBuildPhase;
			buildActionMask = 2147483647;
			files = (
			);
			runOnlyForDeploymentPostprocessing = 0;
		};
		2FE9689E2DCF27E700502877 /* Resources */ = {
			isa = PBXResourcesBuildPhase;
			buildActionMask = 2147483647;
			files = (
			);
			runOnlyForDeploymentPostprocessing = 0;
		};
		2FE968A82DCF27E700502877 /* Resources */ = {
			isa = PBXResourcesBuildPhase;
			buildActionMask = 2147483647;
			files = (
			);
			runOnlyForDeploymentPostprocessing = 0;
		};
/* End PBXResourcesBuildPhase section */

/* Begin PBXSourcesBuildPhase section */
		2FE9688C2DCF27E500502877 /* Sources */ = {
			isa = PBXSourcesBuildPhase;
			buildActionMask = 2147483647;
			files = (
			);
			runOnlyForDeploymentPostprocessing = 0;
		};
		2FE9689C2DCF27E700502877 /* Sources */ = {
			isa = PBXSourcesBuildPhase;
			buildActionMask = 2147483647;
			files = (
			);
			runOnlyForDeploymentPostprocessing = 0;
		};
		2FE968A62DCF27E700502877 /* Sources */ = {
			isa = PBXSourcesBuildPhase;
			buildActionMask = 2147483647;
			files = (
			);
			runOnlyForDeploymentPostprocessing = 0;
		};
/* End PBXSourcesBuildPhase section */

/* Begin PBXTargetDependency section */
		2FE968A22DCF27E700502877 /* PBXTargetDependency */ = {
			isa = PBXTargetDependency;
			target = 2FE9688F2DCF27E500502877 /* IOSEnglishLearning */;
			targetProxy = 2FE968A12DCF27E700502877 /* PBXContainerItemProxy */;
		};
		2FE968AC2DCF27E700502877 /* PBXTargetDependency */ = {
			isa = PBXTargetDependency;
			target = 2FE9688F2DCF27E500502877 /* IOSEnglishLearning */;
			targetProxy = 2FE968AB2DCF27E700502877 /* PBXContainerItemProxy */;
		};
/* End PBXTargetDependency section */

/* Begin XCBuildConfiguration section */
		2FE968B22DCF27E700502877 /* Debug */ = {
			isa = XCBuildConfiguration;
			buildSettings = {
				ALWAYS_SEARCH_USER_PATHS = NO;
				ASSETCATALOG_COMPILER_GENERATE_SWIFT_ASSET_SYMBOL_EXTENSIONS = YES;
				CLANG_ANALYZER_NONNULL = YES;
				CLANG_ANALYZER_NUMBER_OBJECT_CONVERSION = YES_AGGRESSIVE;
				CLANG_CXX_LANGUAGE_STANDARD = "gnu++20";
				CLANG_ENABLE_MODULES = YES;
				CLANG_ENABLE_OBJC_ARC = YES;
				CLANG_ENABLE_OBJC_WEAK = YES;
				CLANG_WARN_BLOCK_CAPTURE_AUTORELEASING = YES;
				CLANG_WARN_BOOL_CONVERSION = YES;
				CLANG_WARN_COMMA = YES;
				CLANG_WARN_CONSTANT_CONVERSION = YES;
				CLANG_WARN_DEPRECATED_OBJC_IMPLEMENTATIONS = YES;
				CLANG_WARN_DIRECT_OBJC_ISA_USAGE = YES_ERROR;
				CLANG_WARN_DOCUMENTATION_COMMENTS = YES;
				CLANG_WARN_EMPTY_BODY = YES;
				CLANG_WARN_ENUM_CONVERSION = YES;
				CLANG_WARN_INFINITE_RECURSION = YES;
				CLANG_WARN_INT_CONVERSION = YES;
				CLANG_WARN_NON_LITERAL_NULL_CONVERSION = YES;
				CLANG_WARN_OBJC_IMPLICIT_RETAIN_SELF = YES;
				CLANG_WARN_OBJC_LITERAL_CONVERSION = YES;
				CLANG_WARN_OBJC_ROOT_CLASS = YES_ERROR;
				CLANG_WARN_QUOTED_INCLUDE_IN_FRAMEWORK_HEADER = YES;
				CLANG_WARN_RANGE_LOOP_ANALYSIS = YES;
				CLANG_WARN_STRICT_PROTOTYPES = YES;
				CLANG_WARN_SUSPICIOUS_MOVE = YES;
				CLANG_WARN_UNGUARDED_AVAILABILITY = YES_AGGRESSIVE;
				CLANG_WARN_UNREACHABLE_CODE = YES;
				CLANG_WARN__DUPLICATE_METHOD_MATCH = YES;
				COPY_PHASE_STRIP = NO;
				DEBUG_INFORMATION_FORMAT = dwarf;
				ENABLE_STRICT_OBJC_MSGSEND = YES;
				ENABLE_TESTABILITY = YES;
				ENABLE_USER_SCRIPT_SANDBOXING = YES;
				GCC_C_LANGUAGE_STANDARD = gnu17;
				GCC_DYNAMIC_NO_PIC = NO;
				GCC_NO_COMMON_BLOCKS = YES;
				GCC_OPTIMIZATION_LEVEL = 0;
				GCC_PREPROCESSOR_DEFINITIONS = (
					"DEBUG=1",
					"$(inherited)",
				);
				GCC_WARN_64_TO_32_BIT_CONVERSION = YES;
				GCC_WARN_ABOUT_RETURN_TYPE = YES_ERROR;
				GCC_WARN_UNDECLARED_SELECTOR = YES;
				GCC_WARN_UNINITIALIZED_AUTOS = YES_AGGRESSIVE;
				GCC_WARN_UNUSED_FUNCTION = YES;
				GCC_WARN_UNUSED_VARIABLE = YES;
				IPHONEOS_DEPLOYMENT_TARGET = 17.6;
				LOCALIZATION_PREFERS_STRING_CATALOGS = YES;
				MTL_ENABLE_DEBUG_INFO = INCLUDE_SOURCE;
				MTL_FAST_MATH = YES;
				ONLY_ACTIVE_ARCH = YES;
				SDKROOT = iphoneos;
				SWIFT_ACTIVE_COMPILATION_CONDITIONS = "DEBUG $(inherited)";
				SWIFT_OPTIMIZATION_LEVEL = "-Onone";
			};
			name = Debug;
		};
		2FE968B32DCF27E700502877 /* Release */ = {
			isa = XCBuildConfiguration;
			buildSettings = {
				ALWAYS_SEARCH_USER_PATHS = NO;
				ASSETCATALOG_COMPILER_GENERATE_SWIFT_ASSET_SYMBOL_EXTENSIONS = YES;
				CLANG_ANALYZER_NONNULL = YES;
				CLANG_ANALYZER_NUMBER_OBJECT_CONVERSION = YES_AGGRESSIVE;
				CLANG_CXX_LANGUAGE_STANDARD = "gnu++20";
				CLANG_ENABLE_MODULES = YES;
				CLANG_ENABLE_OBJC_ARC = YES;
				CLANG_ENABLE_OBJC_WEAK = YES;
				CLANG_WARN_BLOCK_CAPTURE_AUTORELEASING = YES;
				CLANG_WARN_BOOL_CONVERSION = YES;
				CLANG_WARN_COMMA = YES;
				CLANG_WARN_CONSTANT_CONVERSION = YES;
				CLANG_WARN_DEPRECATED_OBJC_IMPLEMENTATIONS = YES;
				CLANG_WARN_DIRECT_OBJC_ISA_USAGE = YES_ERROR;
				CLANG_WARN_DOCUMENTATION_COMMENTS = YES;
				CLANG_WARN_EMPTY_BODY = YES;
				CLANG_WARN_ENUM_CONVERSION = YES;
				CLANG_WARN_INFINITE_RECURSION = YES;
				CLANG_WARN_INT_CONVERSION = YES;
				CLANG_WARN_NON_LITERAL_NULL_CONVERSION = YES;
				CLANG_WARN_OBJC_IMPLICIT_RETAIN_SELF = YES;
				CLANG_WARN_OBJC_LITERAL_CONVERSION = YES;
				CLANG_WARN_OBJC_ROOT_CLASS = YES_ERROR;
				CLANG_WARN_QUOTED_INCLUDE_IN_FRAMEWORK_HEADER = YES;
				CLANG_WARN_RANGE_LOOP_ANALYSIS = YES;
				CLANG_WARN_STRICT_PROTOTYPES = YES;
				CLANG_WARN_SUSPICIOUS_MOVE = YES;
				CLANG_WARN_UNGUARDED_AVAILABILITY = YES_AGGRESSIVE;
				CLANG_WARN_UNREACHABLE_CODE = YES;
				CLANG_WARN__DUPLICATE_METHOD_MATCH = YES;
				COPY_PHASE_STRIP = NO;
				DEBUG_INFORMATION_FORMAT = "dwarf-with-dsym";
				ENABLE_NS_ASSERTIONS = NO;
				ENABLE_STRICT_OBJC_MSGSEND = YES;
				ENABLE_USER_SCRIPT_SANDBOXING = YES;
				GCC_C_LANGUAGE_STANDARD = gnu17;
				GCC_NO_COMMON_BLOCKS = YES;
				GCC_WARN_64_TO_32_BIT_CONVERSION = YES;
				GCC_WARN_ABOUT_RETURN_TYPE = YES_ERROR;
				GCC_WARN_UNDECLARED_SELECTOR = YES;
				GCC_WARN_UNINITIALIZED_AUTOS = YES_AGGRESSIVE;
				GCC_WARN_UNUSED_FUNCTION = YES;
				GCC_WARN_UNUSED_VARIABLE = YES;
				IPHONEOS_DEPLOYMENT_TARGET = 17.6;
				LOCALIZATION_PREFERS_STRING_CATALOGS = YES;
				MTL_ENABLE_DEBUG_INFO = NO;
				MTL_FAST_MATH = YES;
				SDKROOT = iphoneos;
				SWIFT_COMPILATION_MODE = wholemodule;
				VALIDATE_PRODUCT = YES;
			};
			name = Release;
		};
		2FE968B52DCF27E700502877 /* Debug */ = {
			isa = XCBuildConfiguration;
			buildSettings = {
				ASSETCATALOG_COMPILER_APPICON_NAME = AppIcon;
				ASSETCATALOG_COMPILER_GLOBAL_ACCENT_COLOR_NAME = AccentColor;
				CODE_SIGN_STYLE = Automatic;
				CURRENT_PROJECT_VERSION = 1;
				DEVELOPMENT_ASSET_PATHS = "\"IOSEnglishLearning/Preview Content\"";
				DEVELOPMENT_TEAM = P3ATMZXBBW;
				ENABLE_PREVIEWS = YES;
				GENERATE_INFOPLIST_FILE = YES;
				INFOPLIST_KEY_CFBundleDisplayName = IOSEnglishLearning;
				INFOPLIST_KEY_LSApplicationCategoryType = "public.app-category.education";
				INFOPLIST_KEY_UIApplicationSceneManifest_Generation = YES;
				INFOPLIST_KEY_UIApplicationSupportsIndirectInputEvents = YES;
				INFOPLIST_KEY_UILaunchScreen_Generation = YES;
				INFOPLIST_KEY_UISupportedInterfaceOrientations_iPad = "UIInterfaceOrientationPortrait UIInterfaceOrientationPortraitUpsideDown UIInterfaceOrientationLandscapeLeft UIInterfaceOrientationLandscapeRight";
				INFOPLIST_KEY_UISupportedInterfaceOrientations_iPhone = "UIInterfaceOrientationPortrait UIInterfaceOrientationLandscapeLeft UIInterfaceOrientationLandscapeRight";
				IPHONEOS_DEPLOYMENT_TARGET = 17.6;
				LD_RUNPATH_SEARCH_PATHS = (
					"$(inherited)",
					"@executable_path/Frameworks",
				);
				MARKETING_VERSION = 1.0;
				PRODUCT_BUNDLE_IDENTIFIER = name.QuiLunYang.IOSEnglishLearning;
				PRODUCT_NAME = "$(TARGET_NAME)";
				SWIFT_EMIT_LOC_STRINGS = YES;
				SWIFT_VERSION = 5.0;
				TARGETED_DEVICE_FAMILY = "1,2";
			};
			name = Debug;
		};
		2FE968B62DCF27E700502877 /* Release */ = {
			isa = XCBuildConfiguration;
			buildSettings = {
				ASSETCATALOG_COMPILER_APPICON_NAME = AppIcon;
				ASSETCATALOG_COMPILER_GLOBAL_ACCENT_COLOR_NAME = AccentColor;
				CODE_SIGN_STYLE = Automatic;
				CURRENT_PROJECT_VERSION = 1;
				DEVELOPMENT_ASSET_PATHS = "\"IOSEnglishLearning/Preview Content\"";
				DEVELOPMENT_TEAM = P3ATMZXBBW;
				ENABLE_PREVIEWS = YES;
				GENERATE_INFOPLIST_FILE = YES;
				INFOPLIST_KEY_CFBundleDisplayName = IOSEnglishLearning;
				INFOPLIST_KEY_LSApplicationCategoryType = "public.app-category.education";
				INFOPLIST_KEY_UIApplicationSceneManifest_Generation = YES;
				INFOPLIST_KEY_UIApplicationSupportsIndirectInputEvents = YES;
				INFOPLIST_KEY_UILaunchScreen_Generation = YES;
				INFOPLIST_KEY_UISupportedInterfaceOrientations_iPad = "UIInterfaceOrientationPortrait UIInterfaceOrientationPortraitUpsideDown UIInterfaceOrientationLandscapeLeft UIInterfaceOrientationLandscapeRight";
				INFOPLIST_KEY_UISupportedInterfaceOrientations_iPhone = "UIInterfaceOrientationPortrait UIInterfaceOrientationLandscapeLeft UIInterfaceOrientationLandscapeRight";
				IPHONEOS_DEPLOYMENT_TARGET = 17.6;
				LD_RUNPATH_SEARCH_PATHS = (
					"$(inherited)",
					"@executable_path/Frameworks",
				);
				MARKETING_VERSION = 1.0;
				PRODUCT_BUNDLE_IDENTIFIER = name.QuiLunYang.IOSEnglishLearning;
				PRODUCT_NAME = "$(TARGET_NAME)";
				SWIFT_EMIT_LOC_STRINGS = YES;
				SWIFT_VERSION = 5.0;
				TARGETED_DEVICE_FAMILY = "1,2";
			};
			name = Release;
		};
		2FE968B82DCF27E700502877 /* Debug */ = {
			isa = XCBuildConfiguration;
			buildSettings = {
				BUNDLE_LOADER = "$(TEST_HOST)";
				CODE_SIGN_STYLE = Automatic;
				CURRENT_PROJECT_VERSION = 1;
				DEVELOPMENT_TEAM = P3ATMZXBBW;
				GENERATE_INFOPLIST_FILE = YES;
				IPHONEOS_DEPLOYMENT_TARGET = 17.6;
				MARKETING_VERSION = 1.0;
				PRODUCT_BUNDLE_IDENTIFIER = name.QuiLunYang.IOSEnglishLearningTests;
				PRODUCT_NAME = "$(TARGET_NAME)";
				SWIFT_EMIT_LOC_STRINGS = NO;
				SWIFT_VERSION = 5.0;
				TARGETED_DEVICE_FAMILY = "1,2";
				TEST_HOST = "$(BUILT_PRODUCTS_DIR)/IOSEnglishLearning.app/$(BUNDLE_EXECUTABLE_FOLDER_PATH)/IOSEnglishLearning";
			};
			name = Debug;
		};
		2FE968B92DCF27E700502877 /* Release */ = {
			isa = XCBuildConfiguration;
			buildSettings = {
				BUNDLE_LOADER = "$(TEST_HOST)";
				CODE_SIGN_STYLE = Automatic;
				CURRENT_PROJECT_VERSION = 1;
				DEVELOPMENT_TEAM = P3ATMZXBBW;
				GENERATE_INFOPLIST_FILE = YES;
				IPHONEOS_DEPLOYMENT_TARGET = 17.6;
				MARKETING_VERSION = 1.0;
				PRODUCT_BUNDLE_IDENTIFIER = name.QuiLunYang.IOSEnglishLearningTests;
				PRODUCT_NAME = "$(TARGET_NAME)";
				SWIFT_EMIT_LOC_STRINGS = NO;
				SWIFT_VERSION = 5.0;
				TARGETED_DEVICE_FAMILY = "1,2";
				TEST_HOST = "$(BUILT_PRODUCTS_DIR)/IOSEnglishLearning.app/$(BUNDLE_EXECUTABLE_FOLDER_PATH)/IOSEnglishLearning";
			};
			name = Release;
		};
		2FE968BB2DCF27E700502877 /* Debug */ = {
			isa = XCBuildConfiguration;
			buildSettings = {
				CODE_SIGN_STYLE = Automatic;
				CURRENT_PROJECT_VERSION = 1;
				DEVELOPMENT_TEAM = P3ATMZXBBW;
				GENERATE_INFOPLIST_FILE = YES;
				IPHONEOS_DEPLOYMENT_TARGET = 17.6;
				MARKETING_VERSION = 1.0;
				PRODUCT_BUNDLE_IDENTIFIER = name.QuiLunYang.IOSEnglishLearningUITests;
				PRODUCT_NAME = "$(TARGET_NAME)";
				SWIFT_EMIT_LOC_STRINGS = NO;
				SWIFT_VERSION = 5.0;
				TARGETED_DEVICE_FAMILY = "1,2";
				TEST_TARGET_NAME = IOSEnglishLearning;
			};
			name = Debug;
		};
		2FE968BC2DCF27E700502877 /* Release */ = {
			isa = XCBuildConfiguration;
			buildSettings = {
				CODE_SIGN_STYLE = Automatic;
				CURRENT_PROJECT_VERSION = 1;
				DEVELOPMENT_TEAM = P3ATMZXBBW;
				GENERATE_INFOPLIST_FILE = YES;
				IPHONEOS_DEPLOYMENT_TARGET = 17.6;
				MARKETING_VERSION = 1.0;
				PRODUCT_BUNDLE_IDENTIFIER = name.QuiLunYang.IOSEnglishLearningUITests;
				PRODUCT_NAME = "$(TARGET_NAME)";
				SWIFT_EMIT_LOC_STRINGS = NO;
				SWIFT_VERSION = 5.0;
				TARGETED_DEVICE_FAMILY = "1,2";
				TEST_TARGET_NAME = IOSEnglishLearning;
			};
			name = Release;
		};
/* End XCBuildConfiguration section */

/* Begin XCConfigurationList section */
		2FE9688B2DCF27E500502877 /* Build configuration list for PBXProject "IOSEnglishLearning" */ = {
			isa = XCConfigurationList;
			buildConfigurations = (
				2FE968B22DCF27E700502877 /* Debug */,
				2FE968B32DCF27E700502877 /* Release */,
			);
			defaultConfigurationIsVisible = 0;
			defaultConfigurationName = Release;
		};
		2FE968B42DCF27E700502877 /* Build configuration list for PBXNativeTarget "IOSEnglishLearning" */ = {
			isa = XCConfigurationList;
			buildConfigurations = (
				2FE968B52DCF27E700502877 /* Debug */,
				2FE968B62DCF27E700502877 /* Release */,
			);
			defaultConfigurationIsVisible = 0;
			defaultConfigurationName = Release;
		};
		2FE968B72DCF27E700502877 /* Build configuration list for PBXNativeTarget "IOSEnglishLearningTests" */ = {
			isa = XCConfigurationList;
			buildConfigurations = (
				2FE968B82DCF27E700502877 /* Debug */,
				2FE968B92DCF27E700502877 /* Release */,
			);
			defaultConfigurationIsVisible = 0;
			defaultConfigurationName = Release;
		};
		2FE968BA2DCF27E700502877 /* Build configuration list for PBXNativeTarget "IOSEnglishLearningUITests" */ = {
			isa = XCConfigurationList;
			buildConfigurations = (
				2FE968BB2DCF27E700502877 /* Debug */,
				2FE968BC2DCF27E700502877 /* Release */,
			);
			defaultConfigurationIsVisible = 0;
			defaultConfigurationName = Release;
		};
/* End XCConfigurationList section */
	};
	rootObject = 2FE968882DCF27E500502877 /* Project object */;
}
